// !$*UTF8*$!
{
	archiveVersion = 1;
	classes = {
	};
	objectVersion = 46;
	objects = {

/* Begin PBXBuildFile section */
		5D79A79B19703012009F33AA /* Foundation.framework in Frameworks */ = {isa = PBXBuildFile; fileRef = 5D79A79A19703012009F33AA /* Foundation.framework */; };
		5D79A79D19703012009F33AA /* CoreGraphics.framework in Frameworks */ = {isa = PBXBuildFile; fileRef = 5D79A79C19703012009F33AA /* CoreGraphics.framework */; };
		5D79A79F19703012009F33AA /* UIKit.framework in Frameworks */ = {isa = PBXBuildFile; fileRef = 5D79A79E19703012009F33AA /* UIKit.framework */; };
		5D79A7A519703012009F33AA /* InfoPlist.strings in Resources */ = {isa = PBXBuildFile; fileRef = 5D79A7A319703012009F33AA /* InfoPlist.strings */; };
		5D79A7A719703012009F33AA /* main.m in Sources */ = {isa = PBXBuildFile; fileRef = 5D79A7A619703012009F33AA /* main.m */; };
		5D79A7AB19703012009F33AA /* KHAppDelegate.m in Sources */ = {isa = PBXBuildFile; fileRef = 5D79A7AA19703012009F33AA /* KHAppDelegate.m */; };
		5D79A7AE19703012009F33AA /* Main.storyboard in Resources */ = {isa = PBXBuildFile; fileRef = 5D79A7AC19703012009F33AA /* Main.storyboard */; };
		5D79A7B119703012009F33AA /* KHFirstViewController.m in Sources */ = {isa = PBXBuildFile; fileRef = 5D79A7B019703012009F33AA /* KHFirstViewController.m */; };
		5D79A7B419703012009F33AA /* KHSecondViewController.m in Sources */ = {isa = PBXBuildFile; fileRef = 5D79A7B319703012009F33AA /* KHSecondViewController.m */; };
		5D79A7B619703012009F33AA /* Images.xcassets in Resources */ = {isa = PBXBuildFile; fileRef = 5D79A7B519703012009F33AA /* Images.xcassets */; };
		5D79A7BD19703012009F33AA /* XCTest.framework in Frameworks */ = {isa = PBXBuildFile; fileRef = 5D79A7BC19703012009F33AA /* XCTest.framework */; };
		5D79A7BE19703012009F33AA /* Foundation.framework in Frameworks */ = {isa = PBXBuildFile; fileRef = 5D79A79A19703012009F33AA /* Foundation.framework */; };
		5D79A7BF19703012009F33AA /* UIKit.framework in Frameworks */ = {isa = PBXBuildFile; fileRef = 5D79A79E19703012009F33AA /* UIKit.framework */; };
		5D79A7C719703012009F33AA /* InfoPlist.strings in Resources */ = {isa = PBXBuildFile; fileRef = 5D79A7C519703012009F33AA /* InfoPlist.strings */; };
		5D79A7C919703012009F33AA /* MatchedUpTests.m in Sources */ = {isa = PBXBuildFile; fileRef = 5D79A7C819703012009F33AA /* MatchedUpTests.m */; };
/* End PBXBuildFile section */

/* Begin PBXContainerItemProxy section */
		5D79A7C019703012009F33AA /* PBXContainerItemProxy */ = {
			isa = PBXContainerItemProxy;
			containerPortal = 5D79A78F19703012009F33AA /* Project object */;
			proxyType = 1;
			remoteGlobalIDString = 5D79A79619703012009F33AA;
			remoteInfo = MatchedUp;
		};
/* End PBXContainerItemProxy section */

/* Begin PBXFileReference section */
		5D79A79719703012009F33AA /* MatchedUp.app */ = {isa = PBXFileReference; explicitFileType = wrapper.application; includeInIndex = 0; path = MatchedUp.app; sourceTree = BUILT_PRODUCTS_DIR; };
		5D79A79A19703012009F33AA /* Foundation.framework */ = {isa = PBXFileReference; lastKnownFileType = wrapper.framework; name = Foundation.framework; path = System/Library/Frameworks/Foundation.framework; sourceTree = SDKROOT; };
		5D79A79C19703012009F33AA /* CoreGraphics.framework */ = {isa = PBXFileReference; lastKnownFileType = wrapper.framework; name = CoreGraphics.framework; path = System/Library/Frameworks/CoreGraphics.framework; sourceTree = SDKROOT; };
		5D79A79E19703012009F33AA /* UIKit.framework */ = {isa = PBXFileReference; lastKnownFileType = wrapper.framework; name = UIKit.framework; path = System/Library/Frameworks/UIKit.framework; sourceTree = SDKROOT; };
		5D79A7A219703012009F33AA /* MatchedUp-Info.plist */ = {isa = PBXFileReference; lastKnownFileType = text.plist.xml; path = "MatchedUp-Info.plist"; sourceTree = "<group>"; };
		5D79A7A419703012009F33AA /* en */ = {isa = PBXFileReference; lastKnownFileType = text.plist.strings; name = en; path = en.lproj/InfoPlist.strings; sourceTree = "<group>"; };
		5D79A7A619703012009F33AA /* main.m */ = {isa = PBXFileReference; lastKnownFileType = sourcecode.c.objc; path = main.m; sourceTree = "<group>"; };
		5D79A7A819703012009F33AA /* MatchedUp-Prefix.pch */ = {isa = PBXFileReference; lastKnownFileType = sourcecode.c.h; path = "MatchedUp-Prefix.pch"; sourceTree = "<group>"; };
		5D79A7A919703012009F33AA /* KHAppDelegate.h */ = {isa = PBXFileReference; lastKnownFileType = sourcecode.c.h; path = KHAppDelegate.h; sourceTree = "<group>"; };
		5D79A7AA19703012009F33AA /* KHAppDelegate.m */ = {isa = PBXFileReference; lastKnownFileType = sourcecode.c.objc; path = KHAppDelegate.m; sourceTree = "<group>"; };
		5D79A7AD19703012009F33AA /* Base */ = {isa = PBXFileReference; lastKnownFileType = file.storyboard; name = Base; path = Base.lproj/Main.storyboard; sourceTree = "<group>"; };
		5D79A7AF19703012009F33AA /* KHFirstViewController.h */ = {isa = PBXFileReference; lastKnownFileType = sourcecode.c.h; path = KHFirstViewController.h; sourceTree = "<group>"; };
		5D79A7B019703012009F33AA /* KHFirstViewController.m */ = {isa = PBXFileReference; lastKnownFileType = sourcecode.c.objc; path = KHFirstViewController.m; sourceTree = "<group>"; };
		5D79A7B219703012009F33AA /* KHSecondViewController.h */ = {isa = PBXFileReference; lastKnownFileType = sourcecode.c.h; path = KHSecondViewController.h; sourceTree = "<group>"; };
		5D79A7B319703012009F33AA /* KHSecondViewController.m */ = {isa = PBXFileReference; lastKnownFileType = sourcecode.c.objc; path = KHSecondViewController.m; sourceTree = "<group>"; };
		5D79A7B519703012009F33AA /* Images.xcassets */ = {isa = PBXFileReference; lastKnownFileType = folder.assetcatalog; path = Images.xcassets; sourceTree = "<group>"; };
		5D79A7BB19703012009F33AA /* MatchedUpTests.xctest */ = {isa = PBXFileReference; explicitFileType = wrapper.cfbundle; includeInIndex = 0; path = MatchedUpTests.xctest; sourceTree = BUILT_PRODUCTS_DIR; };
		5D79A7BC19703012009F33AA /* XCTest.framework */ = {isa = PBXFileReference; lastKnownFileType = wrapper.framework; name = XCTest.framework; path = Library/Frameworks/XCTest.framework; sourceTree = DEVELOPER_DIR; };
		5D79A7C419703012009F33AA /* MatchedUpTests-Info.plist */ = {isa = PBXFileReference; lastKnownFileType = text.plist.xml; path = "MatchedUpTests-Info.plist"; sourceTree = "<group>"; };
		5D79A7C619703012009F33AA /* en */ = {isa = PBXFileReference; lastKnownFileType = text.plist.strings; name = en; path = en.lproj/InfoPlist.strings; sourceTree = "<group>"; };
		5D79A7C819703012009F33AA /* MatchedUpTests.m */ = {isa = PBXFileReference; lastKnownFileType = sourcecode.c.objc; path = MatchedUpTests.m; sourceTree = "<group>"; };
/* End PBXFileReference section */

/* Begin PBXFrameworksBuildPhase section */
		5D79A79419703012009F33AA /* Frameworks */ = {
			isa = PBXFrameworksBuildPhase;
			buildActionMask = 2147483647;
			files = (
				5D79A79D19703012009F33AA /* CoreGraphics.framework in Frameworks */,
				5D79A79F19703012009F33AA /* UIKit.framework in Frameworks */,
				5D79A79B19703012009F33AA /* Foundation.framework in Frameworks */,
			);
			runOnlyForDeploymentPostprocessing = 0;
		};
		5D79A7B819703012009F33AA /* Frameworks */ = {
			isa = PBXFrameworksBuildPhase;
			buildActionMask = 2147483647;
			files = (
				5D79A7BD19703012009F33AA /* XCTest.framework in Frameworks */,
				5D79A7BF19703012009F33AA /* UIKit.framework in Frameworks */,
				5D79A7BE19703012009F33AA /* Foundation.framework in Frameworks */,
			);
			runOnlyForDeploymentPostprocessing = 0;
		};
/* End PBXFrameworksBuildPhase section */

/* Begin PBXGroup section */
		5D79A78E19703012009F33AA = {
			isa = PBXGroup;
			children = (
				5D79A7A019703012009F33AA /* MatchedUp */,
				5D79A7C219703012009F33AA /* MatchedUpTests */,
				5D79A79919703012009F33AA /* Frameworks */,
				5D79A79819703012009F33AA /* Products */,
			);
			sourceTree = "<group>";
		};
		5D79A79819703012009F33AA /* Products */ = {
			isa = PBXGroup;
			children = (
				5D79A79719703012009F33AA /* MatchedUp.app */,
				5D79A7BB19703012009F33AA /* MatchedUpTests.xctest */,
			);
			name = Products;
			sourceTree = "<group>";
		};
		5D79A79919703012009F33AA /* Frameworks */ = {
			isa = PBXGroup;
			children = (
				5D79A79A19703012009F33AA /* Foundation.framework */,
				5D79A79C19703012009F33AA /* CoreGraphics.framework */,
				5D79A79E19703012009F33AA /* UIKit.framework */,
				5D79A7BC19703012009F33AA /* XCTest.framework */,
			);
			name = Frameworks;
			sourceTree = "<group>";
		};
		5D79A7A019703012009F33AA /* MatchedUp */ = {
			isa = PBXGroup;
			children = (
				5D79A7A919703012009F33AA /* KHAppDelegate.h */,
				5D79A7AA19703012009F33AA /* KHAppDelegate.m */,
				5D79A7AC19703012009F33AA /* Main.storyboard */,
				5D79A7AF19703012009F33AA /* KHFirstViewController.h */,
				5D79A7B019703012009F33AA /* KHFirstViewController.m */,
				5D79A7B219703012009F33AA /* KHSecondViewController.h */,
				5D79A7B319703012009F33AA /* KHSecondViewController.m */,
				5D79A7B519703012009F33AA /* Images.xcassets */,
				5D79A7A119703012009F33AA /* Supporting Files */,
			);
			path = MatchedUp;
			sourceTree = "<group>";
		};
		5D79A7A119703012009F33AA /* Supporting Files */ = {
			isa = PBXGroup;
			children = (
				5D79A7A219703012009F33AA /* MatchedUp-Info.plist */,
				5D79A7A319703012009F33AA /* InfoPlist.strings */,
				5D79A7A619703012009F33AA /* main.m */,
				5D79A7A819703012009F33AA /* MatchedUp-Prefix.pch */,
			);
			name = "Supporting Files";
			sourceTree = "<group>";
		};
		5D79A7C219703012009F33AA /* MatchedUpTests */ = {
			isa = PBXGroup;
			children = (
				5D79A7C819703012009F33AA /* MatchedUpTests.m */,
				5D79A7C319703012009F33AA /* Supporting Files */,
			);
			path = MatchedUpTests;
			sourceTree = "<group>";
		};
		5D79A7C319703012009F33AA /* Supporting Files */ = {
			isa = PBXGroup;
			children = (
				5D79A7C419703012009F33AA /* MatchedUpTests-Info.plist */,
				5D79A7C519703012009F33AA /* InfoPlist.strings */,
			);
			name = "Supporting Files";
			sourceTree = "<group>";
		};
/* End PBXGroup section */

/* Begin PBXNativeTarget section */
		5D79A79619703012009F33AA /* MatchedUp */ = {
			isa = PBXNativeTarget;
			buildConfigurationList = 5D79A7CC19703012009F33AA /* Build configuration list for PBXNativeTarget "MatchedUp" */;
			buildPhases = (
				5D79A79319703012009F33AA /* Sources */,
				5D79A79419703012009F33AA /* Frameworks */,
				5D79A79519703012009F33AA /* Resources */,
			);
			buildRules = (
			);
			dependencies = (
			);
			name = MatchedUp;
			productName = MatchedUp;
			productReference = 5D79A79719703012009F33AA /* MatchedUp.app */;
			productType = "com.apple.product-type.application";
		};
		5D79A7BA19703012009F33AA /* MatchedUpTests */ = {
			isa = PBXNativeTarget;
			buildConfigurationList = 5D79A7CF19703012009F33AA /* Build configuration list for PBXNativeTarget "MatchedUpTests" */;
			buildPhases = (
				5D79A7B719703012009F33AA /* Sources */,
				5D79A7B819703012009F33AA /* Frameworks */,
				5D79A7B919703012009F33AA /* Resources */,
			);
			buildRules = (
			);
			dependencies = (
				5D79A7C119703012009F33AA /* PBXTargetDependency */,
			);
			name = MatchedUpTests;
			productName = MatchedUpTests;
			productReference = 5D79A7BB19703012009F33AA /* MatchedUpTests.xctest */;
			productType = "com.apple.product-type.bundle.unit-test";
		};
/* End PBXNativeTarget section */

/* Begin PBXProject section */
		5D79A78F19703012009F33AA /* Project object */ = {
			isa = PBXProject;
			attributes = {
				CLASSPREFIX = KH;
				LastUpgradeCheck = 0510;
				ORGANIZATIONNAME = "Koen Hendriks";
				TargetAttributes = {
					5D79A7BA19703012009F33AA = {
						TestTargetID = 5D79A79619703012009F33AA;
					};
				};
			};
			buildConfigurationList = 5D79A79219703012009F33AA /* Build configuration list for PBXProject "MatchedUp" */;
			compatibilityVersion = "Xcode 3.2";
			developmentRegion = English;
			hasScannedForEncodings = 0;
			knownRegions = (
				en,
				Base,
			);
			mainGroup = 5D79A78E19703012009F33AA;
			productRefGroup = 5D79A79819703012009F33AA /* Products */;
			projectDirPath = "";
			projectRoot = "";
			targets = (
				5D79A79619703012009F33AA /* MatchedUp */,
				5D79A7BA19703012009F33AA /* MatchedUpTests */,
			);
		};
/* End PBXProject section */

/* Begin PBXResourcesBuildPhase section */
		5D79A79519703012009F33AA /* Resources */ = {
			isa = PBXResourcesBuildPhase;
			buildActionMask = 2147483647;
			files = (
				5D79A7B619703012009F33AA /* Images.xcassets in Resources */,
				5D79A7A519703012009F33AA /* InfoPlist.strings in Resources */,
				5D79A7AE19703012009F33AA /* Main.storyboard in Resources */,
			);
			runOnlyForDeploymentPostprocessing = 0;
		};
		5D79A7B919703012009F33AA /* Resources */ = {
			isa = PBXResourcesBuildPhase;
			buildActionMask = 2147483647;
			files = (
				5D79A7C719703012009F33AA /* InfoPlist.strings in Resources */,
			);
			runOnlyForDeploymentPostprocessing = 0;
		};
/* End PBXResourcesBuildPhase section */

/* Begin PBXSourcesBuildPhase section */
		5D79A79319703012009F33AA /* Sources */ = {
			isa = PBXSourcesBuildPhase;
			buildActionMask = 2147483647;
			files = (
				5D79A7A719703012009F33AA /* main.m in Sources */,
				5D79A7B419703012009F33AA /* KHSecondViewController.m in Sources */,
				5D79A7AB19703012009F33AA /* KHAppDelegate.m in Sources */,
				5D79A7B119703012009F33AA /* KHFirstViewController.m in Sources */,
			);
			runOnlyForDeploymentPostprocessing = 0;
		};
		5D79A7B719703012009F33AA /* Sources */ = {
			isa = PBXSourcesBuildPhase;
			buildActionMask = 2147483647;
			files = (
				5D79A7C919703012009F33AA /* MatchedUpTests.m in Sources */,
			);
			runOnlyForDeploymentPostprocessing = 0;
		};
/* End PBXSourcesBuildPhase section */

/* Begin PBXTargetDependency section */
		5D79A7C119703012009F33AA /* PBXTargetDependency */ = {
			isa = PBXTargetDependency;
			target = 5D79A79619703012009F33AA /* MatchedUp */;
			targetProxy = 5D79A7C019703012009F33AA /* PBXContainerItemProxy */;
		};
/* End PBXTargetDependency section */

/* Begin PBXVariantGroup section */
		5D79A7A319703012009F33AA /* InfoPlist.strings */ = {
			isa = PBXVariantGroup;
			children = (
				5D79A7A419703012009F33AA /* en */,
			);
			name = InfoPlist.strings;
			sourceTree = "<group>";
		};
		5D79A7AC19703012009F33AA /* Main.storyboard */ = {
			isa = PBXVariantGroup;
			children = (
				5D79A7AD19703012009F33AA /* Base */,
			);
			name = Main.storyboard;
			sourceTree = "<group>";
		};
		5D79A7C519703012009F33AA /* InfoPlist.strings */ = {
			isa = PBXVariantGroup;
			children = (
				5D79A7C619703012009F33AA /* en */,
			);
			name = InfoPlist.strings;
			sourceTree = "<group>";
		};
/* End PBXVariantGroup section */

/* Begin XCBuildConfiguration section */
		5D79A7CA19703012009F33AA /* Debug */ = {
			isa = XCBuildConfiguration;
			buildSettings = {
				ALWAYS_SEARCH_USER_PATHS = NO;
				CLANG_CXX_LANGUAGE_STANDARD = "gnu++0x";
				CLANG_CXX_LIBRARY = "libc++";
				CLANG_ENABLE_MODULES = YES;
				CLANG_ENABLE_OBJC_ARC = YES;
				CLANG_WARN_BOOL_CONVERSION = YES;
				CLANG_WARN_CONSTANT_CONVERSION = YES;
				CLANG_WARN_DIRECT_OBJC_ISA_USAGE = YES_ERROR;
				CLANG_WARN_EMPTY_BODY = YES;
				CLANG_WARN_ENUM_CONVERSION = YES;
				CLANG_WARN_INT_CONVERSION = YES;
				CLANG_WARN_OBJC_ROOT_CLASS = YES_ERROR;
				CLANG_WARN__DUPLICATE_METHOD_MATCH = YES;
				"CODE_SIGN_IDENTITY[sdk=iphoneos*]" = "iPhone Developer";
				COPY_PHASE_STRIP = NO;
				GCC_C_LANGUAGE_STANDARD = gnu99;
				GCC_DYNAMIC_NO_PIC = NO;
				GCC_OPTIMIZATION_LEVEL = 0;
				GCC_PREPROCESSOR_DEFINITIONS = (
					"DEBUG=1",
					"$(inherited)",
				);
				GCC_SYMBOLS_PRIVATE_EXTERN = NO;
				GCC_WARN_64_TO_32_BIT_CONVERSION = YES;
				GCC_WARN_ABOUT_RETURN_TYPE = YES_ERROR;
				GCC_WARN_UNDECLARED_SELECTOR = YES;
				GCC_WARN_UNINITIALIZED_AUTOS = YES_AGGRESSIVE;
				GCC_WARN_UNUSED_FUNCTION = YES;
				GCC_WARN_UNUSED_VARIABLE = YES;
				IPHONEOS_DEPLOYMENT_TARGET = 7.1;
				ONLY_ACTIVE_ARCH = YES;
				SDKROOT = iphoneos;
			};
			name = Debug;
		};
		5D79A7CB19703012009F33AA /* Release */ = {
			isa = XCBuildConfiguration;
			buildSettings = {
				ALWAYS_SEARCH_USER_PATHS = NO;
				CLANG_CXX_LANGUAGE_STANDARD = "gnu++0x";
				CLANG_CXX_LIBRARY = "libc++";
				CLANG_ENABLE_MODULES = YES;
				CLANG_ENABLE_OBJC_ARC = YES;
				CLANG_WARN_BOOL_CONVERSION = YES;
				CLANG_WARN_CONSTANT_CONVERSION = YES;
				CLANG_WARN_DIRECT_OBJC_ISA_USAGE = YES_ERROR;
				CLANG_WARN_EMPTY_BODY = YES;
				CLANG_WARN_ENUM_CONVERSION = YES;
				CLANG_WARN_INT_CONVERSION = YES;
				CLANG_WARN_OBJC_ROOT_CLASS = YES_ERROR;
				CLANG_WARN__DUPLICATE_METHOD_MATCH = YES;
				"CODE_SIGN_IDENTITY[sdk=iphoneos*]" = "iPhone Developer";
				COPY_PHASE_STRIP = YES;
				ENABLE_NS_ASSERTIONS = NO;
				GCC_C_LANGUAGE_STANDARD = gnu99;
				GCC_WARN_64_TO_32_BIT_CONVERSION = YES;
				GCC_WARN_ABOUT_RETURN_TYPE = YES_ERROR;
				GCC_WARN_UNDECLARED_SELECTOR = YES;
				GCC_WARN_UNINITIALIZED_AUTOS = YES_AGGRESSIVE;
				GCC_WARN_UNUSED_FUNCTION = YES;
				GCC_WARN_UNUSED_VARIABLE = YES;
				IPHONEOS_DEPLOYMENT_TARGET = 7.1;
				SDKROOT = iphoneos;
				VALIDATE_PRODUCT = YES;
			};
			name = Release;
		};
		5D79A7CD19703012009F33AA /* Debug */ = {
			isa = XCBuildConfiguration;
			buildSettings = {
				ASSETCATALOG_COMPILER_APPICON_NAME = AppIcon;
				ASSETCATALOG_COMPILER_LAUNCHIMAGE_NAME = LaunchImage;
				GCC_PRECOMPILE_PREFIX_HEADER = YES;
				GCC_PREFIX_HEADER = "MatchedUp/MatchedUp-Prefix.pch";
				INFOPLIST_FILE = "MatchedUp/MatchedUp-Info.plist";
				PRODUCT_NAME = "$(TARGET_NAME)";
				WRAPPER_EXTENSION = app;
			};
			name = Debug;
		};
		5D79A7CE19703012009F33AA /* Release */ = {
			isa = XCBuildConfiguration;
			buildSettings = {
				ASSETCATALOG_COMPILER_APPICON_NAME = AppIcon;
				ASSETCATALOG_COMPILER_LAUNCHIMAGE_NAME = LaunchImage;
				GCC_PRECOMPILE_PREFIX_HEADER = YES;
				GCC_PREFIX_HEADER = "MatchedUp/MatchedUp-Prefix.pch";
				INFOPLIST_FILE = "MatchedUp/MatchedUp-Info.plist";
				PRODUCT_NAME = "$(TARGET_NAME)";
				WRAPPER_EXTENSION = app;
			};
			name = Release;
		};
		5D79A7D019703012009F33AA /* Debug */ = {
			isa = XCBuildConfiguration;
			buildSettings = {
				BUNDLE_LOADER = "$(BUILT_PRODUCTS_DIR)/MatchedUp.app/MatchedUp";
				FRAMEWORK_SEARCH_PATHS = (
					"$(SDKROOT)/Developer/Library/Frameworks",
					"$(inherited)",
					"$(DEVELOPER_FRAMEWORKS_DIR)",
				);
				GCC_PRECOMPILE_PREFIX_HEADER = YES;
				GCC_PREFIX_HEADER = "MatchedUp/MatchedUp-Prefix.pch";
				GCC_PREPROCESSOR_DEFINITIONS = (
					"DEBUG=1",
					"$(inherited)",
				);
				INFOPLIST_FILE = "MatchedUpTests/MatchedUpTests-Info.plist";
				PRODUCT_NAME = "$(TARGET_NAME)";
				TEST_HOST = "$(BUNDLE_LOADER)";
				WRAPPER_EXTENSION = xctest;
			};
			name = Debug;
		};
		5D79A7D119703012009F33AA /* Release */ = {
			isa = XCBuildConfiguration;
			buildSettings = {
				BUNDLE_LOADER = "$(BUILT_PRODUCTS_DIR)/MatchedUp.app/MatchedUp";
				FRAMEWORK_SEARCH_PATHS = (
					"$(SDKROOT)/Developer/Library/Frameworks",
					"$(inherited)",
					"$(DEVELOPER_FRAMEWORKS_DIR)",
				);
				GCC_PRECOMPILE_PREFIX_HEADER = YES;
				GCC_PREFIX_HEADER = "MatchedUp/MatchedUp-Prefix.pch";
				INFOPLIST_FILE = "MatchedUpTests/MatchedUpTests-Info.plist";
				PRODUCT_NAME = "$(TARGET_NAME)";
				TEST_HOST = "$(BUNDLE_LOADER)";
				WRAPPER_EXTENSION = xctest;
			};
			name = Release;
		};
/* End XCBuildConfiguration section */

/* Begin XCConfigurationList section */
		5D79A79219703012009F33AA /* Build configuration list for PBXProject "MatchedUp" */ = {
			isa = XCConfigurationList;
			buildConfigurations = (
				5D79A7CA19703012009F33AA /* Debug */,
				5D79A7CB19703012009F33AA /* Release */,
			);
			defaultConfigurationIsVisible = 0;
			defaultConfigurationName = Release;
		};
		5D79A7CC19703012009F33AA /* Build configuration list for PBXNativeTarget "MatchedUp" */ = {
			isa = XCConfigurationList;
			buildConfigurations = (
				5D79A7CD19703012009F33AA /* Debug */,
				5D79A7CE19703012009F33AA /* Release */,
			);
			defaultConfigurationIsVisible = 0;
		};
		5D79A7CF19703012009F33AA /* Build configuration list for PBXNativeTarget "MatchedUpTests" */ = {
			isa = XCConfigurationList;
			buildConfigurations = (
				5D79A7D019703012009F33AA /* Debug */,
				5D79A7D119703012009F33AA /* Release */,
			);
			defaultConfigurationIsVisible = 0;
		};
/* End XCConfigurationList section */
	};
	rootObject = 5D79A78F19703012009F33AA /* Project object */;
}
