// !$*UTF8*$!
{
	archiveVersion = 1;
	classes = {
	};
	objectVersion = 46;
	objects = {

/* Begin PBXBuildFile section */
		5D4D2EFE1975ABA5006A2EEE /* KHEditProfileViewController.m in Sources */ = {isa = PBXBuildFile; fileRef = 5D4D2EFD1975ABA5006A2EEE /* KHEditProfileViewController.m */; };
		5D631EF11983C5B00042DAB9 /* KHTestUser.m in Sources */ = {isa = PBXBuildFile; fileRef = 5D631EF01983C5B00042DAB9 /* KHTestUser.m */; };
		5D631EF31983C9A60042DAB9 /* profileImage1.jpg in Resources */ = {isa = PBXBuildFile; fileRef = 5D631EF21983C9A60042DAB9 /* profileImage1.jpg */; };
		5D79A79B19703012009F33AA /* Foundation.framework in Frameworks */ = {isa = PBXBuildFile; fileRef = 5D79A79A19703012009F33AA /* Foundation.framework */; };
		5D79A79D19703012009F33AA /* CoreGraphics.framework in Frameworks */ = {isa = PBXBuildFile; fileRef = 5D79A79C19703012009F33AA /* CoreGraphics.framework */; };
		5D79A79F19703012009F33AA /* UIKit.framework in Frameworks */ = {isa = PBXBuildFile; fileRef = 5D79A79E19703012009F33AA /* UIKit.framework */; };
		5D79A7A519703012009F33AA /* InfoPlist.strings in Resources */ = {isa = PBXBuildFile; fileRef = 5D79A7A319703012009F33AA /* InfoPlist.strings */; };
		5D79A7A719703012009F33AA /* main.m in Sources */ = {isa = PBXBuildFile; fileRef = 5D79A7A619703012009F33AA /* main.m */; };
		5D79A7AB19703012009F33AA /* KHAppDelegate.m in Sources */ = {isa = PBXBuildFile; fileRef = 5D79A7AA19703012009F33AA /* KHAppDelegate.m */; };
		5D79A7AE19703012009F33AA /* Main.storyboard in Resources */ = {isa = PBXBuildFile; fileRef = 5D79A7AC19703012009F33AA /* Main.storyboard */; };
		5D79A7B619703012009F33AA /* Images.xcassets in Resources */ = {isa = PBXBuildFile; fileRef = 5D79A7B519703012009F33AA /* Images.xcassets */; };
		5D79A7BD19703012009F33AA /* XCTest.framework in Frameworks */ = {isa = PBXBuildFile; fileRef = 5D79A7BC19703012009F33AA /* XCTest.framework */; };
		5D79A7BE19703012009F33AA /* Foundation.framework in Frameworks */ = {isa = PBXBuildFile; fileRef = 5D79A79A19703012009F33AA /* Foundation.framework */; };
		5D79A7BF19703012009F33AA /* UIKit.framework in Frameworks */ = {isa = PBXBuildFile; fileRef = 5D79A79E19703012009F33AA /* UIKit.framework */; };
		5D79A7C719703012009F33AA /* InfoPlist.strings in Resources */ = {isa = PBXBuildFile; fileRef = 5D79A7C519703012009F33AA /* InfoPlist.strings */; };
		5D79A7C919703012009F33AA /* MatchedUpTests.m in Sources */ = {isa = PBXBuildFile; fileRef = 5D79A7C819703012009F33AA /* MatchedUpTests.m */; };
		5D79A7D4197032AE009F33AA /* KHLoginViewController.m in Sources */ = {isa = PBXBuildFile; fileRef = 5D79A7D3197032AE009F33AA /* KHLoginViewController.m */; };
		5DC44EF919756DCB0049BA0A /* KHHomeViewController.m in Sources */ = {isa = PBXBuildFile; fileRef = 5DC44EF819756DCB0049BA0A /* KHHomeViewController.m */; };
		5DC44EFD1975961D0049BA0A /* KHSettingsViewController.m in Sources */ = {isa = PBXBuildFile; fileRef = 5DC44EFC1975961D0049BA0A /* KHSettingsViewController.m */; };
		5DCCA55A1971A97C001CDE38 /* KHConstants.m in Sources */ = {isa = PBXBuildFile; fileRef = 5DCCA5591971A97C001CDE38 /* KHConstants.m */; };
		5DEF471419768C57004CE766 /* KHProfileViewController.m in Sources */ = {isa = PBXBuildFile; fileRef = 5DEF471319768C57004CE766 /* KHProfileViewController.m */; };
		87B29151D78147B78D95A639 /* libPods.a in Frameworks */ = {isa = PBXBuildFile; fileRef = C4910057E96A4BE481E09963 /* libPods.a */; };
/* End PBXBuildFile section */

/* Begin PBXContainerItemProxy section */
		5D79A7C019703012009F33AA /* PBXContainerItemProxy */ = {
			isa = PBXContainerItemProxy;
			containerPortal = 5D79A78F19703012009F33AA /* Project object */;
			proxyType = 1;
			remoteGlobalIDString = 5D79A79619703012009F33AA;
			remoteInfo = MatchedUp;
		};
/* End PBXContainerItemProxy section */

/* Begin PBXFileReference section */
		5D4D2EFC1975ABA5006A2EEE /* KHEditProfileViewController.h */ = {isa = PBXFileReference; fileEncoding = 4; lastKnownFileType = sourcecode.c.h; path = KHEditProfileViewController.h; sourceTree = "<group>"; };
		5D4D2EFD1975ABA5006A2EEE /* KHEditProfileViewController.m */ = {isa = PBXFileReference; fileEncoding = 4; lastKnownFileType = sourcecode.c.objc; path = KHEditProfileViewController.m; sourceTree = "<group>"; };
		5D631EEF1983C5B00042DAB9 /* KHTestUser.h */ = {isa = PBXFileReference; fileEncoding = 4; lastKnownFileType = sourcecode.c.h; path = KHTestUser.h; sourceTree = "<group>"; };
		5D631EF01983C5B00042DAB9 /* KHTestUser.m */ = {isa = PBXFileReference; fileEncoding = 4; lastKnownFileType = sourcecode.c.objc; path = KHTestUser.m; sourceTree = "<group>"; };
		5D631EF21983C9A60042DAB9 /* profileImage1.jpg */ = {isa = PBXFileReference; lastKnownFileType = image.jpeg; path = profileImage1.jpg; sourceTree = "<group>"; };
		5D79A79719703012009F33AA /* MatchedUp.app */ = {isa = PBXFileReference; explicitFileType = wrapper.application; includeInIndex = 0; path = MatchedUp.app; sourceTree = BUILT_PRODUCTS_DIR; };
		5D79A79A19703012009F33AA /* Foundation.framework */ = {isa = PBXFileReference; lastKnownFileType = wrapper.framework; name = Foundation.framework; path = System/Library/Frameworks/Foundation.framework; sourceTree = SDKROOT; };
		5D79A79C19703012009F33AA /* CoreGraphics.framework */ = {isa = PBXFileReference; lastKnownFileType = wrapper.framework; name = CoreGraphics.framework; path = System/Library/Frameworks/CoreGraphics.framework; sourceTree = SDKROOT; };
		5D79A79E19703012009F33AA /* UIKit.framework */ = {isa = PBXFileReference; lastKnownFileType = wrapper.framework; name = UIKit.framework; path = System/Library/Frameworks/UIKit.framework; sourceTree = SDKROOT; };
		5D79A7A219703012009F33AA /* MatchedUp-Info.plist */ = {isa = PBXFileReference; lastKnownFileType = text.plist.xml; path = "MatchedUp-Info.plist"; sourceTree = "<group>"; };
		5D79A7A419703012009F33AA /* en */ = {isa = PBXFileReference; lastKnownFileType = text.plist.strings; name = en; path = en.lproj/InfoPlist.strings; sourceTree = "<group>"; };
		5D79A7A619703012009F33AA /* main.m */ = {isa = PBXFileReference; lastKnownFileType = sourcecode.c.objc; path = main.m; sourceTree = "<group>"; };
		5D79A7A819703012009F33AA /* MatchedUp-Prefix.pch */ = {isa = PBXFileReference; lastKnownFileType = sourcecode.c.h; path = "MatchedUp-Prefix.pch"; sourceTree = "<group>"; };
		5D79A7A919703012009F33AA /* KHAppDelegate.h */ = {isa = PBXFileReference; lastKnownFileType = sourcecode.c.h; path = KHAppDelegate.h; sourceTree = "<group>"; };
		5D79A7AA19703012009F33AA /* KHAppDelegate.m */ = {isa = PBXFileReference; lastKnownFileType = sourcecode.c.objc; path = KHAppDelegate.m; sourceTree = "<group>"; };
		5D79A7AD19703012009F33AA /* Base */ = {isa = PBXFileReference; lastKnownFileType = file.storyboard; name = Base; path = Base.lproj/Main.storyboard; sourceTree = "<group>"; };
		5D79A7B519703012009F33AA /* Images.xcassets */ = {isa = PBXFileReference; lastKnownFileType = folder.assetcatalog; path = Images.xcassets; sourceTree = "<group>"; };
		5D79A7BB19703012009F33AA /* MatchedUpTests.xctest */ = {isa = PBXFileReference; explicitFileType = wrapper.cfbundle; includeInIndex = 0; path = MatchedUpTests.xctest; sourceTree = BUILT_PRODUCTS_DIR; };
		5D79A7BC19703012009F33AA /* XCTest.framework */ = {isa = PBXFileReference; lastKnownFileType = wrapper.framework; name = XCTest.framework; path = Library/Frameworks/XCTest.framework; sourceTree = DEVELOPER_DIR; };
		5D79A7C419703012009F33AA /* MatchedUpTests-Info.plist */ = {isa = PBXFileReference; lastKnownFileType = text.plist.xml; path = "MatchedUpTests-Info.plist"; sourceTree = "<group>"; };
		5D79A7C619703012009F33AA /* en */ = {isa = PBXFileReference; lastKnownFileType = text.plist.strings; name = en; path = en.lproj/InfoPlist.strings; sourceTree = "<group>"; };
		5D79A7C819703012009F33AA /* MatchedUpTests.m */ = {isa = PBXFileReference; lastKnownFileType = sourcecode.c.objc; path = MatchedUpTests.m; sourceTree = "<group>"; };
		5D79A7D2197032AE009F33AA /* KHLoginViewController.h */ = {isa = PBXFileReference; fileEncoding = 4; lastKnownFileType = sourcecode.c.h; path = KHLoginViewController.h; sourceTree = "<group>"; };
		5D79A7D3197032AE009F33AA /* KHLoginViewController.m */ = {isa = PBXFileReference; fileEncoding = 4; lastKnownFileType = sourcecode.c.objc; path = KHLoginViewController.m; sourceTree = "<group>"; };
		5DC44EF719756DCB0049BA0A /* KHHomeViewController.h */ = {isa = PBXFileReference; fileEncoding = 4; lastKnownFileType = sourcecode.c.h; path = KHHomeViewController.h; sourceTree = "<group>"; };
		5DC44EF819756DCB0049BA0A /* KHHomeViewController.m */ = {isa = PBXFileReference; fileEncoding = 4; lastKnownFileType = sourcecode.c.objc; path = KHHomeViewController.m; sourceTree = "<group>"; };
		5DC44EFB1975961D0049BA0A /* KHSettingsViewController.h */ = {isa = PBXFileReference; fileEncoding = 4; lastKnownFileType = sourcecode.c.h; path = KHSettingsViewController.h; sourceTree = "<group>"; };
		5DC44EFC1975961D0049BA0A /* KHSettingsViewController.m */ = {isa = PBXFileReference; fileEncoding = 4; lastKnownFileType = sourcecode.c.objc; path = KHSettingsViewController.m; sourceTree = "<group>"; };
		5DCCA5581971A97C001CDE38 /* KHConstants.h */ = {isa = PBXFileReference; fileEncoding = 4; lastKnownFileType = sourcecode.c.h; path = KHConstants.h; sourceTree = "<group>"; };
		5DCCA5591971A97C001CDE38 /* KHConstants.m */ = {isa = PBXFileReference; fileEncoding = 4; lastKnownFileType = sourcecode.c.objc; path = KHConstants.m; sourceTree = "<group>"; };
		5DEF471219768C57004CE766 /* KHProfileViewController.h */ = {isa = PBXFileReference; fileEncoding = 4; lastKnownFileType = sourcecode.c.h; path = KHProfileViewController.h; sourceTree = "<group>"; };
		5DEF471319768C57004CE766 /* KHProfileViewController.m */ = {isa = PBXFileReference; fileEncoding = 4; lastKnownFileType = sourcecode.c.objc; path = KHProfileViewController.m; sourceTree = "<group>"; };
		5FDB8757FF334EBE976C4A38 /* Pods.xcconfig */ = {isa = PBXFileReference; includeInIndex = 1; lastKnownFileType = text.xcconfig; name = Pods.xcconfig; path = Pods/Pods.xcconfig; sourceTree = "<group>"; };
		C4910057E96A4BE481E09963 /* libPods.a */ = {isa = PBXFileReference; explicitFileType = archive.ar; includeInIndex = 0; path = libPods.a; sourceTree = BUILT_PRODUCTS_DIR; };
/* End PBXFileReference section */

/* Begin PBXFrameworksBuildPhase section */
		5D79A79419703012009F33AA /* Frameworks */ = {
			isa = PBXFrameworksBuildPhase;
			buildActionMask = 2147483647;
			files = (
				5D79A79D19703012009F33AA /* CoreGraphics.framework in Frameworks */,
				5D79A79F19703012009F33AA /* UIKit.framework in Frameworks */,
				5D79A79B19703012009F33AA /* Foundation.framework in Frameworks */,
				87B29151D78147B78D95A639 /* libPods.a in Frameworks */,
			);
			runOnlyForDeploymentPostprocessing = 0;
		};
		5D79A7B819703012009F33AA /* Frameworks */ = {
			isa = PBXFrameworksBuildPhase;
			buildActionMask = 2147483647;
			files = (
				5D79A7BD19703012009F33AA /* XCTest.framework in Frameworks */,
				5D79A7BF19703012009F33AA /* UIKit.framework in Frameworks */,
				5D79A7BE19703012009F33AA /* Foundation.framework in Frameworks */,
			);
			runOnlyForDeploymentPostprocessing = 0;
		};
/* End PBXFrameworksBuildPhase section */

/* Begin PBXGroup section */
		5D4D2EFB1975AAE6006A2EEE /* EditProfile */ = {
			isa = PBXGroup;
			children = (
				5D4D2EFC1975ABA5006A2EEE /* KHEditProfileViewController.h */,
				5D4D2EFD1975ABA5006A2EEE /* KHEditProfileViewController.m */,
			);
			name = EditProfile;
			path = ..;
			sourceTree = "<group>";
		};
		5D631EEE1983C5770042DAB9 /* CreateParseUser */ = {
			isa = PBXGroup;
			children = (
				5D631EEF1983C5B00042DAB9 /* KHTestUser.h */,
				5D631EF01983C5B00042DAB9 /* KHTestUser.m */,
			);
			name = CreateParseUser;
			path = ..;
			sourceTree = "<group>";
		};
		5D79A78E19703012009F33AA = {
			isa = PBXGroup;
			children = (
				5D79A7A019703012009F33AA /* MatchedUp */,
				5D79A7C219703012009F33AA /* MatchedUpTests */,
				5D79A79919703012009F33AA /* Frameworks */,
				5D79A79819703012009F33AA /* Products */,
				5FDB8757FF334EBE976C4A38 /* Pods.xcconfig */,
			);
			sourceTree = "<group>";
		};
		5D79A79819703012009F33AA /* Products */ = {
			isa = PBXGroup;
			children = (
				5D79A79719703012009F33AA /* MatchedUp.app */,
				5D79A7BB19703012009F33AA /* MatchedUpTests.xctest */,
			);
			name = Products;
			sourceTree = "<group>";
		};
		5D79A79919703012009F33AA /* Frameworks */ = {
			isa = PBXGroup;
			children = (
				5D79A79A19703012009F33AA /* Foundation.framework */,
				5D79A79C19703012009F33AA /* CoreGraphics.framework */,
				5D79A79E19703012009F33AA /* UIKit.framework */,
				5D79A7BC19703012009F33AA /* XCTest.framework */,
				C4910057E96A4BE481E09963 /* libPods.a */,
			);
			name = Frameworks;
			sourceTree = "<group>";
		};
		5D79A7A019703012009F33AA /* MatchedUp */ = {
			isa = PBXGroup;
			children = (
				5D79A7A919703012009F33AA /* KHAppDelegate.h */,
				5D79A7AA19703012009F33AA /* KHAppDelegate.m */,
				5D79A7AC19703012009F33AA /* Main.storyboard */,
				5D79A7D5197032CE009F33AA /* Login */,
				5DC44EF619756D610049BA0A /* Home */,
				5DC44EFA197594B60049BA0A /* Settings */,
				5D4D2EFB1975AAE6006A2EEE /* EditProfile */,
				5DEF471119768BA3004CE766 /* Profile */,
				5D631EEE1983C5770042DAB9 /* CreateParseUser */,
				5D79A7B519703012009F33AA /* Images.xcassets */,
				5D79A7A119703012009F33AA /* Supporting Files */,
			);
			path = MatchedUp;
			sourceTree = "<group>";
		};
		5D79A7A119703012009F33AA /* Supporting Files */ = {
			isa = PBXGroup;
			children = (
				5D631EF21983C9A60042DAB9 /* profileImage1.jpg */,
				5DCCA5581971A97C001CDE38 /* KHConstants.h */,
				5DCCA5591971A97C001CDE38 /* KHConstants.m */,
				5D79A7A219703012009F33AA /* MatchedUp-Info.plist */,
				5D79A7A319703012009F33AA /* InfoPlist.strings */,
				5D79A7A619703012009F33AA /* main.m */,
				5D79A7A819703012009F33AA /* MatchedUp-Prefix.pch */,
			);
			name = "Supporting Files";
			sourceTree = "<group>";
		};
		5D79A7C219703012009F33AA /* MatchedUpTests */ = {
			isa = PBXGroup;
			children = (
				5D79A7C819703012009F33AA /* MatchedUpTests.m */,
				5D79A7C319703012009F33AA /* Supporting Files */,
			);
			path = MatchedUpTests;
			sourceTree = "<group>";
		};
		5D79A7C319703012009F33AA /* Supporting Files */ = {
			isa = PBXGroup;
			children = (
				5D79A7C419703012009F33AA /* MatchedUpTests-Info.plist */,
				5D79A7C519703012009F33AA /* InfoPlist.strings */,
			);
			name = "Supporting Files";
			sourceTree = "<group>";
		};
		5D79A7D5197032CE009F33AA /* Login */ = {
			isa = PBXGroup;
			children = (
				5D79A7D2197032AE009F33AA /* KHLoginViewController.h */,
				5D79A7D3197032AE009F33AA /* KHLoginViewController.m */,
			);
			name = Login;
			sourceTree = "<group>";
		};
		5DC44EF619756D610049BA0A /* Home */ = {
			isa = PBXGroup;
			children = (
				5DC44EF719756DCB0049BA0A /* KHHomeViewController.h */,
				5DC44EF819756DCB0049BA0A /* KHHomeViewController.m */,
			);
			name = Home;
			sourceTree = "<group>";
		};
		5DC44EFA197594B60049BA0A /* Settings */ = {
			isa = PBXGroup;
			children = (
				5DC44EFB1975961D0049BA0A /* KHSettingsViewController.h */,
				5DC44EFC1975961D0049BA0A /* KHSettingsViewController.m */,
			);
			name = Settings;
			path = ..;
			sourceTree = "<group>";
		};
		5DEF471119768BA3004CE766 /* Profile */ = {
			isa = PBXGroup;
			children = (
				5DEF471219768C57004CE766 /* KHProfileViewController.h */,
				5DEF471319768C57004CE766 /* KHProfileViewController.m */,
			);
			name = Profile;
			path = ..;
			sourceTree = "<group>";
		};
/* End PBXGroup section */

/* Begin PBXNativeTarget section */
		5D79A79619703012009F33AA /* MatchedUp */ = {
			isa = PBXNativeTarget;
			buildConfigurationList = 5D79A7CC19703012009F33AA /* Build configuration list for PBXNativeTarget "MatchedUp" */;
			buildPhases = (
				4E4AFA40DBF3409890AB88E2 /* Check Pods Manifest.lock */,
				5D79A79319703012009F33AA /* Sources */,
				5D79A79419703012009F33AA /* Frameworks */,
				5D79A79519703012009F33AA /* Resources */,
				FAEFE5DA431A484A8DC94BFE /* Copy Pods Resources */,
			);
			buildRules = (
			);
			dependencies = (
			);
			name = MatchedUp;
			productName = MatchedUp;
			productReference = 5D79A79719703012009F33AA /* MatchedUp.app */;
			productType = "com.apple.product-type.application";
		};
		5D79A7BA19703012009F33AA /* MatchedUpTests */ = {
			isa = PBXNativeTarget;
			buildConfigurationList = 5D79A7CF19703012009F33AA /* Build configuration list for PBXNativeTarget "MatchedUpTests" */;
			buildPhases = (
				5D79A7B719703012009F33AA /* Sources */,
				5D79A7B819703012009F33AA /* Frameworks */,
				5D79A7B919703012009F33AA /* Resources */,
			);
			buildRules = (
			);
			dependencies = (
				5D79A7C119703012009F33AA /* PBXTargetDependency */,
			);
			name = MatchedUpTests;
			productName = MatchedUpTests;
			productReference = 5D79A7BB19703012009F33AA /* MatchedUpTests.xctest */;
			productType = "com.apple.product-type.bundle.unit-test";
		};
/* End PBXNativeTarget section */

/* Begin PBXProject section */
		5D79A78F19703012009F33AA /* Project object */ = {
			isa = PBXProject;
			attributes = {
				CLASSPREFIX = KH;
				LastUpgradeCheck = 0510;
				ORGANIZATIONNAME = "Koen Hendriks";
				TargetAttributes = {
					5D79A7BA19703012009F33AA = {
						TestTargetID = 5D79A79619703012009F33AA;
					};
				};
			};
			buildConfigurationList = 5D79A79219703012009F33AA /* Build configuration list for PBXProject "MatchedUp" */;
			compatibilityVersion = "Xcode 3.2";
			developmentRegion = English;
			hasScannedForEncodings = 0;
			knownRegions = (
				en,
				Base,
			);
			mainGroup = 5D79A78E19703012009F33AA;
			productRefGroup = 5D79A79819703012009F33AA /* Products */;
			projectDirPath = "";
			projectRoot = "";
			targets = (
				5D79A79619703012009F33AA /* MatchedUp */,
				5D79A7BA19703012009F33AA /* MatchedUpTests */,
			);
		};
/* End PBXProject section */

/* Begin PBXResourcesBuildPhase section */
		5D79A79519703012009F33AA /* Resources */ = {
			isa = PBXResourcesBuildPhase;
			buildActionMask = 2147483647;
			files = (
				5D79A7B619703012009F33AA /* Images.xcassets in Resources */,
				5D631EF31983C9A60042DAB9 /* profileImage1.jpg in Resources */,
				5D79A7A519703012009F33AA /* InfoPlist.strings in Resources */,
				5D79A7AE19703012009F33AA /* Main.storyboard in Resources */,
			);
			runOnlyForDeploymentPostprocessing = 0;
		};
		5D79A7B919703012009F33AA /* Resources */ = {
			isa = PBXResourcesBuildPhase;
			buildActionMask = 2147483647;
			files = (
				5D79A7C719703012009F33AA /* InfoPlist.strings in Resources */,
			);
			runOnlyForDeploymentPostprocessing = 0;
		};
/* End PBXResourcesBuildPhase section */

/* Begin PBXShellScriptBuildPhase section */
		4E4AFA40DBF3409890AB88E2 /* Check Pods Manifest.lock */ = {
			isa = PBXShellScriptBuildPhase;
			buildActionMask = 2147483647;
			files = (
			);
			inputPaths = (
			);
			name = "Check Pods Manifest.lock";
			outputPaths = (
			);
			runOnlyForDeploymentPostprocessing = 0;
			shellPath = /bin/sh;
			shellScript = "diff \"${PODS_ROOT}/../Podfile.lock\" \"${PODS_ROOT}/Manifest.lock\" > /dev/null\nif [[ $? != 0 ]] ; then\n    cat << EOM\nerror: The sandbox is not in sync with the Podfile.lock. Run 'pod install' or update your CocoaPods installation.\nEOM\n    exit 1\nfi\n";
			showEnvVarsInLog = 0;
		};
		FAEFE5DA431A484A8DC94BFE /* Copy Pods Resources */ = {
			isa = PBXShellScriptBuildPhase;
			buildActionMask = 2147483647;
			files = (
			);
			inputPaths = (
			);
			name = "Copy Pods Resources";
			outputPaths = (
			);
			runOnlyForDeploymentPostprocessing = 0;
			shellPath = /bin/sh;
			shellScript = "\"${SRCROOT}/Pods/Pods-resources.sh\"\n";
			showEnvVarsInLog = 0;
		};
/* End PBXShellScriptBuildPhase section */

/* Begin PBXSourcesBuildPhase section */
		5D79A79319703012009F33AA /* Sources */ = {
			isa = PBXSourcesBuildPhase;
			buildActionMask = 2147483647;
			files = (
				5DCCA55A1971A97C001CDE38 /* KHConstants.m in Sources */,
				5D79A7A719703012009F33AA /* main.m in Sources */,
				5DC44EFD1975961D0049BA0A /* KHSettingsViewController.m in Sources */,
				5D4D2EFE1975ABA5006A2EEE /* KHEditProfileViewController.m in Sources */,
				5D79A7D4197032AE009F33AA /* KHLoginViewController.m in Sources */,
				5D79A7AB19703012009F33AA /* KHAppDelegate.m in Sources */,
				5DC44EF919756DCB0049BA0A /* KHHomeViewController.m in Sources */,
				5D631EF11983C5B00042DAB9 /* KHTestUser.m in Sources */,
				5DEF471419768C57004CE766 /* KHProfileViewController.m in Sources */,
			);
			runOnlyForDeploymentPostprocessing = 0;
		};
		5D79A7B719703012009F33AA /* Sources */ = {
			isa = PBXSourcesBuildPhase;
			buildActionMask = 2147483647;
			files = (
				5D79A7C919703012009F33AA /* MatchedUpTests.m in Sources */,
			);
			runOnlyForDeploymentPostprocessing = 0;
		};
/* End PBXSourcesBuildPhase section */

/* Begin PBXTargetDependency section */
		5D79A7C119703012009F33AA /* PBXTargetDependency */ = {
			isa = PBXTargetDependency;
			target = 5D79A79619703012009F33AA /* MatchedUp */;
			targetProxy = 5D79A7C019703012009F33AA /* PBXContainerItemProxy */;
		};
/* End PBXTargetDependency section */

/* Begin PBXVariantGroup section */
		5D79A7A319703012009F33AA /* InfoPlist.strings */ = {
			isa = PBXVariantGroup;
			children = (
				5D79A7A419703012009F33AA /* en */,
			);
			name = InfoPlist.strings;
			sourceTree = "<group>";
		};
		5D79A7AC19703012009F33AA /* Main.storyboard */ = {
			isa = PBXVariantGroup;
			children = (
				5D79A7AD19703012009F33AA /* Base */,
			);
			name = Main.storyboard;
			sourceTree = "<group>";
		};
		5D79A7C519703012009F33AA /* InfoPlist.strings */ = {
			isa = PBXVariantGroup;
			children = (
				5D79A7C619703012009F33AA /* en */,
			);
			name = InfoPlist.strings;
			sourceTree = "<group>";
		};
/* End PBXVariantGroup section */

/* Begin XCBuildConfiguration section */
		5D79A7CA19703012009F33AA /* Debug */ = {
			isa = XCBuildConfiguration;
			buildSettings = {
				ALWAYS_SEARCH_USER_PATHS = NO;
				CLANG_CXX_LANGUAGE_STANDARD = "gnu++0x";
				CLANG_CXX_LIBRARY = "libc++";
				CLANG_ENABLE_MODULES = YES;
				CLANG_ENABLE_OBJC_ARC = YES;
				CLANG_WARN_BOOL_CONVERSION = YES;
				CLANG_WARN_CONSTANT_CONVERSION = YES;
				CLANG_WARN_DIRECT_OBJC_ISA_USAGE = YES_ERROR;
				CLANG_WARN_EMPTY_BODY = YES;
				CLANG_WARN_ENUM_CONVERSION = YES;
				CLANG_WARN_INT_CONVERSION = YES;
				CLANG_WARN_OBJC_ROOT_CLASS = YES_ERROR;
				CLANG_WARN__DUPLICATE_METHOD_MATCH = YES;
				"CODE_SIGN_IDENTITY[sdk=iphoneos*]" = "iPhone Developer";
				COPY_PHASE_STRIP = NO;
				GCC_C_LANGUAGE_STANDARD = gnu99;
				GCC_DYNAMIC_NO_PIC = NO;
				GCC_OPTIMIZATION_LEVEL = 0;
				GCC_PREPROCESSOR_DEFINITIONS = (
					"DEBUG=1",
					"$(inherited)",
				);
				GCC_SYMBOLS_PRIVATE_EXTERN = NO;
				GCC_WARN_64_TO_32_BIT_CONVERSION = YES;
				GCC_WARN_ABOUT_RETURN_TYPE = YES_ERROR;
				GCC_WARN_UNDECLARED_SELECTOR = YES;
				GCC_WARN_UNINITIALIZED_AUTOS = YES_AGGRESSIVE;
				GCC_WARN_UNUSED_FUNCTION = YES;
				GCC_WARN_UNUSED_VARIABLE = YES;
				IPHONEOS_DEPLOYMENT_TARGET = 7.1;
				ONLY_ACTIVE_ARCH = YES;
				SDKROOT = iphoneos;
			};
			name = Debug;
		};
		5D79A7CB19703012009F33AA /* Release */ = {
			isa = XCBuildConfiguration;
			buildSettings = {
				ALWAYS_SEARCH_USER_PATHS = NO;
				CLANG_CXX_LANGUAGE_STANDARD = "gnu++0x";
				CLANG_CXX_LIBRARY = "libc++";
				CLANG_ENABLE_MODULES = YES;
				CLANG_ENABLE_OBJC_ARC = YES;
				CLANG_WARN_BOOL_CONVERSION = YES;
				CLANG_WARN_CONSTANT_CONVERSION = YES;
				CLANG_WARN_DIRECT_OBJC_ISA_USAGE = YES_ERROR;
				CLANG_WARN_EMPTY_BODY = YES;
				CLANG_WARN_ENUM_CONVERSION = YES;
				CLANG_WARN_INT_CONVERSION = YES;
				CLANG_WARN_OBJC_ROOT_CLASS = YES_ERROR;
				CLANG_WARN__DUPLICATE_METHOD_MATCH = YES;
				"CODE_SIGN_IDENTITY[sdk=iphoneos*]" = "iPhone Developer";
				COPY_PHASE_STRIP = YES;
				ENABLE_NS_ASSERTIONS = NO;
				GCC_C_LANGUAGE_STANDARD = gnu99;
				GCC_WARN_64_TO_32_BIT_CONVERSION = YES;
				GCC_WARN_ABOUT_RETURN_TYPE = YES_ERROR;
				GCC_WARN_UNDECLARED_SELECTOR = YES;
				GCC_WARN_UNINITIALIZED_AUTOS = YES_AGGRESSIVE;
				GCC_WARN_UNUSED_FUNCTION = YES;
				GCC_WARN_UNUSED_VARIABLE = YES;
				IPHONEOS_DEPLOYMENT_TARGET = 7.1;
				SDKROOT = iphoneos;
				VALIDATE_PRODUCT = YES;
			};
			name = Release;
		};
		5D79A7CD19703012009F33AA /* Debug */ = {
			isa = XCBuildConfiguration;
			baseConfigurationReference = 5FDB8757FF334EBE976C4A38 /* Pods.xcconfig */;
			buildSettings = {
				ASSETCATALOG_COMPILER_APPICON_NAME = AppIcon;
				ASSETCATALOG_COMPILER_LAUNCHIMAGE_NAME = LaunchImage;
				GCC_PRECOMPILE_PREFIX_HEADER = YES;
				GCC_PREFIX_HEADER = "MatchedUp/MatchedUp-Prefix.pch";
				INFOPLIST_FILE = "MatchedUp/MatchedUp-Info.plist";
				PRODUCT_NAME = "$(TARGET_NAME)";
				WRAPPER_EXTENSION = app;
			};
			name = Debug;
		};
		5D79A7CE19703012009F33AA /* Release */ = {
			isa = XCBuildConfiguration;
			baseConfigurationReference = 5FDB8757FF334EBE976C4A38 /* Pods.xcconfig */;
			buildSettings = {
				ASSETCATALOG_COMPILER_APPICON_NAME = AppIcon;
				ASSETCATALOG_COMPILER_LAUNCHIMAGE_NAME = LaunchImage;
				GCC_PRECOMPILE_PREFIX_HEADER = YES;
				GCC_PREFIX_HEADER = "MatchedUp/MatchedUp-Prefix.pch";
				INFOPLIST_FILE = "MatchedUp/MatchedUp-Info.plist";
				PRODUCT_NAME = "$(TARGET_NAME)";
				WRAPPER_EXTENSION = app;
			};
			name = Release;
		};
		5D79A7D019703012009F33AA /* Debug */ = {
			isa = XCBuildConfiguration;
			buildSettings = {
				BUNDLE_LOADER = "$(BUILT_PRODUCTS_DIR)/MatchedUp.app/MatchedUp";
				FRAMEWORK_SEARCH_PATHS = (
					"$(SDKROOT)/Developer/Library/Frameworks",
					"$(inherited)",
					"$(DEVELOPER_FRAMEWORKS_DIR)",
				);
				GCC_PRECOMPILE_PREFIX_HEADER = YES;
				GCC_PREFIX_HEADER = "MatchedUp/MatchedUp-Prefix.pch";
				GCC_PREPROCESSOR_DEFINITIONS = (
					"DEBUG=1",
					"$(inherited)",
				);
				INFOPLIST_FILE = "MatchedUpTests/MatchedUpTests-Info.plist";
				PRODUCT_NAME = "$(TARGET_NAME)";
				TEST_HOST = "$(BUNDLE_LOADER)";
				WRAPPER_EXTENSION = xctest;
			};
			name = Debug;
		};
		5D79A7D119703012009F33AA /* Release */ = {
			isa = XCBuildConfiguration;
			buildSettings = {
				BUNDLE_LOADER = "$(BUILT_PRODUCTS_DIR)/MatchedUp.app/MatchedUp";
				FRAMEWORK_SEARCH_PATHS = (
					"$(SDKROOT)/Developer/Library/Frameworks",
					"$(inherited)",
					"$(DEVELOPER_FRAMEWORKS_DIR)",
				);
				GCC_PRECOMPILE_PREFIX_HEADER = YES;
				GCC_PREFIX_HEADER = "MatchedUp/MatchedUp-Prefix.pch";
				INFOPLIST_FILE = "MatchedUpTests/MatchedUpTests-Info.plist";
				PRODUCT_NAME = "$(TARGET_NAME)";
				TEST_HOST = "$(BUNDLE_LOADER)";
				WRAPPER_EXTENSION = xctest;
			};
			name = Release;
		};
/* End XCBuildConfiguration section */

/* Begin XCConfigurationList section */
		5D79A79219703012009F33AA /* Build configuration list for PBXProject "MatchedUp" */ = {
			isa = XCConfigurationList;
			buildConfigurations = (
				5D79A7CA19703012009F33AA /* Debug */,
				5D79A7CB19703012009F33AA /* Release */,
			);
			defaultConfigurationIsVisible = 0;
			defaultConfigurationName = Release;
		};
		5D79A7CC19703012009F33AA /* Build configuration list for PBXNativeTarget "MatchedUp" */ = {
			isa = XCConfigurationList;
			buildConfigurations = (
				5D79A7CD19703012009F33AA /* Debug */,
				5D79A7CE19703012009F33AA /* Release */,
			);
			defaultConfigurationIsVisible = 0;
			defaultConfigurationName = Release;
		};
		5D79A7CF19703012009F33AA /* Build configuration list for PBXNativeTarget "MatchedUpTests" */ = {
			isa = XCConfigurationList;
			buildConfigurations = (
				5D79A7D019703012009F33AA /* Debug */,
				5D79A7D119703012009F33AA /* Release */,
			);
			defaultConfigurationIsVisible = 0;
			defaultConfigurationName = Release;
		};
/* End XCConfigurationList section */
	};
	rootObject = 5D79A78F19703012009F33AA /* Project object */;
}
